
Microsoft Visual Studio Solution File, Format Version 12.00
# Visual Studio Version 17
VisualStudioVersion = 17.8.34511.84
MinimumVisualStudioVersion = 10.0.40219.1
Project("{FAE04EC0-301F-11D3-BF4B-00C04F79EFBC}") = "WebApplication1", "WebApplication1\WebApplication1.csproj", "{AC0EE70A-6D3B-450C-AEF6-518E47FA0FBA}"
EndProject
Global
	GlobalSection(SolutionConfigurationPlatforms) = preSolution
		Debug|Any CPU = Debug|Any CPU
		Release|Any CPU = Release|Any CPU
	EndGlobalSection
	GlobalSection(ProjectConfigurationPlatforms) = postSolution
		{AC0EE70A-6D3B-450C-AEF6-518E47FA0FBA}.Debug|Any CPU.ActiveCfg = Debug|Any CPU
		{AC0EE70A-6D3B-450C-AEF6-518E47FA0FBA}.Debug|Any CPU.Build.0 = Debug|Any CPU
		{AC0EE70A-6D3B-450C-AEF6-518E47FA0FBA}.Release|Any CPU.ActiveCfg = Release|Any CPU
		{AC0EE70A-6D3B-450C-AEF6-518E47FA0FBA}.Release|Any CPU.Build.0 = Release|Any CPU
	EndGlobalSection
	GlobalSection(SolutionProperties) = preSolution
		HideSolutionNode = FALSE
	EndGlobalSection
	GlobalSection(ExtensibilityGlobals) = postSolution
		SolutionGuid = {A5AC6BAF-02C7-45DD-B694-67F77076103E}
	EndGlobalSection
EndGlobal
